
Microsoft Visual Studio Solution File, Format Version 12.00
# Visual Studio Version 17
VisualStudioVersion = 17.9.34622.214
MinimumVisualStudioVersion = 10.0.40219.1
Project("{FAE04EC0-301F-11D3-BF4B-00C04F79EFBC}") = "IzpitnaZadacha", "IzpitnaZadacha\IzpitnaZadacha.csproj", "{CC52ED93-C7C9-4FE8-A81F-ED7B46F4C0B6}"
EndProject
Global
	GlobalSection(SolutionConfigurationPlatforms) = preSolution
		Debug|Any CPU = Debug|Any CPU
		Release|Any CPU = Release|Any CPU
	EndGlobalSection
	GlobalSection(ProjectConfigurationPlatforms) = postSolution
		{CC52ED93-C7C9-4FE8-A81F-ED7B46F4C0B6}.Debug|Any CPU.ActiveCfg = Debug|Any CPU
		{CC52ED93-C7C9-4FE8-A81F-ED7B46F4C0B6}.Debug|Any CPU.Build.0 = Debug|Any CPU
		{CC52ED93-C7C9-4FE8-A81F-ED7B46F4C0B6}.Release|Any CPU.ActiveCfg = Release|Any CPU
		{CC52ED93-C7C9-4FE8-A81F-ED7B46F4C0B6}.Release|Any CPU.Build.0 = Release|Any CPU
	EndGlobalSection
	GlobalSection(SolutionProperties) = preSolution
		HideSolutionNode = FALSE
	EndGlobalSection
	GlobalSection(ExtensibilityGlobals) = postSolution
		SolutionGuid = {3B2EA76F-C5D4-43BC-8254-7581B0032C3D}
	EndGlobalSection
EndGlobal
